Microsoft Visual Studio Solution File, Format Version 12.00
# Visual Studio 15
VisualStudioVersion = 15.0.26228.4
MinimumVisualStudioVersion = 10.0.40219.1
Project("{FAE04EC0-301F-11D3-BF4B-00C04F79EFBC}") = "Simulator", "Simulator\Simulator.csproj", "{623A4186-D5F0-49C5-8D54-878D9E1C9F1E}"
EndProject
Project("{FAE04EC0-301F-11D3-BF4B-00C04F79EFBC}") = "QuickFixPOCTests", "SimulatorTests\QuickFixPOCTests.csproj", "{F5C8ED62-85FF-499B-A508-1D2867442646}"
EndProject
Project("{FAE04EC0-301F-11D3-BF4B-00C04F79EFBC}") = "FixClient", "FixClient\FixClient.csproj", "{E6B8B360-7AF7-447F-8B03-035F614A972A}"
EndProject
Project("{FAE04EC0-301F-11D3-BF4B-00C04F79EFBC}") = "AcceptanceTest", "AcceptanceTest\AcceptanceTest.csproj", "{8354670F-7134-46DF-A4BC-D3F117D3A821}"
EndProject
Project("{FAE04EC0-301F-11D3-BF4B-00C04F79EFBC}") = "TraderAPI", "TraderAPI\TraderAPI.csproj", "{C2C3EFEE-EE68-485A-9782-B98D0B98ACEE}"
EndProject
Global
	GlobalSection(SolutionConfigurationPlatforms) = preSolution
		Debug|Any CPU = Debug|Any CPU
		Debug|x64 = Debug|x64
		Debug|x86 = Debug|x86
		Release|Any CPU = Release|Any CPU
		Release|x64 = Release|x64
		Release|x86 = Release|x86
	EndGlobalSection
	GlobalSection(ProjectConfigurationPlatforms) = postSolution
		{623A4186-D5F0-49C5-8D54-878D9E1C9F1E}.Debug|Any CPU.ActiveCfg = Debug|Any CPU
		{623A4186-D5F0-49C5-8D54-878D9E1C9F1E}.Debug|Any CPU.Build.0 = Debug|Any CPU
		{623A4186-D5F0-49C5-8D54-878D9E1C9F1E}.Debug|x64.ActiveCfg = Debug|Any CPU
		{623A4186-D5F0-49C5-8D54-878D9E1C9F1E}.Debug|x86.ActiveCfg = Debug|Any CPU
		{623A4186-D5F0-49C5-8D54-878D9E1C9F1E}.Release|Any CPU.ActiveCfg = Release|Any CPU
		{623A4186-D5F0-49C5-8D54-878D9E1C9F1E}.Release|Any CPU.Build.0 = Release|Any CPU
		{623A4186-D5F0-49C5-8D54-878D9E1C9F1E}.Release|x64.ActiveCfg = Release|Any CPU
		{623A4186-D5F0-49C5-8D54-878D9E1C9F1E}.Release|x86.ActiveCfg = Release|Any CPU
		{F5C8ED62-85FF-499B-A508-1D2867442646}.Debug|Any CPU.ActiveCfg = Debug|Any CPU
		{F5C8ED62-85FF-499B-A508-1D2867442646}.Debug|Any CPU.Build.0 = Debug|Any CPU
		{F5C8ED62-85FF-499B-A508-1D2867442646}.Debug|x64.ActiveCfg = Debug|Any CPU
		{F5C8ED62-85FF-499B-A508-1D2867442646}.Debug|x86.ActiveCfg = Debug|Any CPU
		{F5C8ED62-85FF-499B-A508-1D2867442646}.Release|Any CPU.ActiveCfg = Release|Any CPU
		{F5C8ED62-85FF-499B-A508-1D2867442646}.Release|Any CPU.Build.0 = Release|Any CPU
		{F5C8ED62-85FF-499B-A508-1D2867442646}.Release|x64.ActiveCfg = Release|Any CPU
		{F5C8ED62-85FF-499B-A508-1D2867442646}.Release|x86.ActiveCfg = Release|Any CPU
		{E6B8B360-7AF7-447F-8B03-035F614A972A}.Debug|Any CPU.ActiveCfg = Debug|Any CPU
		{E6B8B360-7AF7-447F-8B03-035F614A972A}.Debug|Any CPU.Build.0 = Debug|Any CPU
		{E6B8B360-7AF7-447F-8B03-035F614A972A}.Debug|x64.ActiveCfg = Debug|Any CPU
		{E6B8B360-7AF7-447F-8B03-035F614A972A}.Debug|x86.ActiveCfg = Debug|Any CPU
		{E6B8B360-7AF7-447F-8B03-035F614A972A}.Release|Any CPU.ActiveCfg = Release|Any CPU
		{E6B8B360-7AF7-447F-8B03-035F614A972A}.Release|Any CPU.Build.0 = Release|Any CPU
		{E6B8B360-7AF7-447F-8B03-035F614A972A}.Release|x64.ActiveCfg = Release|Any CPU
		{E6B8B360-7AF7-447F-8B03-035F614A972A}.Release|x86.ActiveCfg = Release|Any CPU
		{8354670F-7134-46DF-A4BC-D3F117D3A821}.Debug|Any CPU.ActiveCfg = Debug|Any CPU
		{8354670F-7134-46DF-A4BC-D3F117D3A821}.Debug|Any CPU.Build.0 = Debug|Any CPU
		{8354670F-7134-46DF-A4BC-D3F117D3A821}.Debug|x64.ActiveCfg = Debug|Any CPU
		{8354670F-7134-46DF-A4BC-D3F117D3A821}.Debug|x86.ActiveCfg = Debug|Any CPU
		{8354670F-7134-46DF-A4BC-D3F117D3A821}.Release|Any CPU.ActiveCfg = Release|Any CPU
		{8354670F-7134-46DF-A4BC-D3F117D3A821}.Release|Any CPU.Build.0 = Release|Any CPU
		{8354670F-7134-46DF-A4BC-D3F117D3A821}.Release|x64.ActiveCfg = Release|Any CPU
		{8354670F-7134-46DF-A4BC-D3F117D3A821}.Release|x86.ActiveCfg = Release|Any CPU
		{C2C3EFEE-EE68-485A-9782-B98D0B98ACEE}.Debug|Any CPU.ActiveCfg = Debug|Any CPU
		{C2C3EFEE-EE68-485A-9782-B98D0B98ACEE}.Debug|Any CPU.Build.0 = Debug|Any CPU
		{C2C3EFEE-EE68-485A-9782-B98D0B98ACEE}.Debug|x64.ActiveCfg = Debug|Any CPU
		{C2C3EFEE-EE68-485A-9782-B98D0B98ACEE}.Debug|x64.Build.0 = Debug|Any CPU
		{C2C3EFEE-EE68-485A-9782-B98D0B98ACEE}.Debug|x86.ActiveCfg = Debug|Any CPU
		{C2C3EFEE-EE68-485A-9782-B98D0B98ACEE}.Debug|x86.Build.0 = Debug|Any CPU
		{C2C3EFEE-EE68-485A-9782-B98D0B98ACEE}.Release|Any CPU.ActiveCfg = Release|Any CPU
		{C2C3EFEE-EE68-485A-9782-B98D0B98ACEE}.Release|Any CPU.Build.0 = Release|Any CPU
		{C2C3EFEE-EE68-485A-9782-B98D0B98ACEE}.Release|x64.ActiveCfg = Release|Any CPU
		{C2C3EFEE-EE68-485A-9782-B98D0B98ACEE}.Release|x64.Build.0 = Release|Any CPU
		{C2C3EFEE-EE68-485A-9782-B98D0B98ACEE}.Release|x86.ActiveCfg = Release|Any CPU
		{C2C3EFEE-EE68-485A-9782-B98D0B98ACEE}.Release|x86.Build.0 = Release|Any CPU
	EndGlobalSection
	GlobalSection(SolutionProperties) = preSolution
		HideSolutionNode = FALSE
	EndGlobalSection
EndGlobal
