
Microsoft Visual Studio Solution File, Format Version 12.00
# Visual Studio 15
VisualStudioVersion = 15.0.26228.4
MinimumVisualStudioVersion = 10.0.40219.1
Project("{FAE04EC0-301F-11D3-BF4B-00C04F79EFBC}") = "Simulator", "Simulator\Simulator.csproj", "{623A4186-D5F0-49C5-8D54-878D9E1C9F1E}"
EndProject
Project("{FAE04EC0-301F-11D3-BF4B-00C04F79EFBC}") = "QuickFixPOCTests", "SimulatorTests\QuickFixPOCTests.csproj", "{F5C8ED62-85FF-499B-A508-1D2867442646}"
EndProject
Project("{FAE04EC0-301F-11D3-BF4B-00C04F79EFBC}") = "FixClient", "FixClient\FixClient.csproj", "{E6B8B360-7AF7-447F-8B03-035F614A972A}"
EndProject
Project("{FAE04EC0-301F-11D3-BF4B-00C04F79EFBC}") = "FixClientServices", "FixClientServices\FixClientServices.csproj", "{BDE89B8B-BD21-41FA-94F8-C81C42EAA015}"
EndProject
Global
	GlobalSection(SolutionConfigurationPlatforms) = preSolution
		Debug|Any CPU = Debug|Any CPU
		Release|Any CPU = Release|Any CPU
	EndGlobalSection
	GlobalSection(ProjectConfigurationPlatforms) = postSolution
		{623A4186-D5F0-49C5-8D54-878D9E1C9F1E}.Debug|Any CPU.ActiveCfg = Debug|Any CPU
		{623A4186-D5F0-49C5-8D54-878D9E1C9F1E}.Debug|Any CPU.Build.0 = Debug|Any CPU
		{623A4186-D5F0-49C5-8D54-878D9E1C9F1E}.Release|Any CPU.ActiveCfg = Release|Any CPU
		{623A4186-D5F0-49C5-8D54-878D9E1C9F1E}.Release|Any CPU.Build.0 = Release|Any CPU
		{F5C8ED62-85FF-499B-A508-1D2867442646}.Debug|Any CPU.ActiveCfg = Debug|Any CPU
		{F5C8ED62-85FF-499B-A508-1D2867442646}.Debug|Any CPU.Build.0 = Debug|Any CPU
		{F5C8ED62-85FF-499B-A508-1D2867442646}.Release|Any CPU.ActiveCfg = Release|Any CPU
		{F5C8ED62-85FF-499B-A508-1D2867442646}.Release|Any CPU.Build.0 = Release|Any CPU
		{E6B8B360-7AF7-447F-8B03-035F614A972A}.Debug|Any CPU.ActiveCfg = Debug|Any CPU
		{E6B8B360-7AF7-447F-8B03-035F614A972A}.Debug|Any CPU.Build.0 = Debug|Any CPU
		{E6B8B360-7AF7-447F-8B03-035F614A972A}.Release|Any CPU.ActiveCfg = Release|Any CPU
		{E6B8B360-7AF7-447F-8B03-035F614A972A}.Release|Any CPU.Build.0 = Release|Any CPU
		{BDE89B8B-BD21-41FA-94F8-C81C42EAA015}.Debug|Any CPU.ActiveCfg = Debug|Any CPU
		{BDE89B8B-BD21-41FA-94F8-C81C42EAA015}.Debug|Any CPU.Build.0 = Debug|Any CPU
		{BDE89B8B-BD21-41FA-94F8-C81C42EAA015}.Release|Any CPU.ActiveCfg = Release|Any CPU
		{BDE89B8B-BD21-41FA-94F8-C81C42EAA015}.Release|Any CPU.Build.0 = Release|Any CPU
	EndGlobalSection
	GlobalSection(SolutionProperties) = preSolution
		HideSolutionNode = FALSE
	EndGlobalSection
EndGlobal
